
Microsoft Visual Studio Solution File, Format Version 12.00
# Visual Studio 2013
VisualStudioVersion = 12.0.21005.1
MinimumVisualStudioVersion = 10.0.40219.1
Project("{FAE04EC0-301F-11D3-BF4B-00C04F79EFBC}") = "HinhChuNhat", "HinhChuNhat\HinhChuNhat.csproj", "{649EC686-77B9-414C-A173-8CD71EE01222}"
EndProject
Global
	GlobalSection(SolutionConfigurationPlatforms) = preSolution
		Debug|Any CPU = Debug|Any CPU
		Release|Any CPU = Release|Any CPU
	EndGlobalSection
	GlobalSection(ProjectConfigurationPlatforms) = postSolution
		{649EC686-77B9-414C-A173-8CD71EE01222}.Debug|Any CPU.ActiveCfg = Debug|Any CPU
		{649EC686-77B9-414C-A173-8CD71EE01222}.Debug|Any CPU.Build.0 = Debug|Any CPU
		{649EC686-77B9-414C-A173-8CD71EE01222}.Release|Any CPU.ActiveCfg = Release|Any CPU
		{649EC686-77B9-414C-A173-8CD71EE01222}.Release|Any CPU.Build.0 = Release|Any CPU
	EndGlobalSection
	GlobalSection(SolutionProperties) = preSolution
		HideSolutionNode = FALSE
	EndGlobalSection
EndGlobal
